
Microsoft Visual Studio Solution File, Format Version 12.00
Project("{FAE04EC0-301F-11D3-BF4B-00C04F79EFBC}") = "PhotoServer", "PhotoServer\PhotoServer.csproj", "{7ADCE70C-36B6-4373-980D-40356B912479}"
EndProject
Project("{FAE04EC0-301F-11D3-BF4B-00C04F79EFBC}") = "PhotoClientDotNet", "PhotoClientDotNet\PhotoClientDotNet.csproj", "{07073F77-6CFB-4065-BD2D-942A22B4995D}"
EndProject
Project("{FAE04EC0-301F-11D3-BF4B-00C04F79EFBC}") = "Assembly-CSharp", "ChatClientU3D\Assembly-CSharp.csproj", "{274C34F9-756C-16D0-2FE4-E17E24D70660}"
EndProject
Project("{FAE04EC0-301F-11D3-BF4B-00C04F79EFBC}") = "MSQL", "MSQL\MSQL.csproj", "{95515DE8-2023-4EB6-A350-59C2578AF6F6}"
EndProject
Project("{FAE04EC0-301F-11D3-BF4B-00C04F79EFBC}") = "Common", "Common\Common.csproj", "{28E6449E-EECC-4431-B4FF-F9D37B071336}"
EndProject
Global
	GlobalSection(SolutionConfigurationPlatforms) = preSolution
		Debug|Any CPU = Debug|Any CPU
		Release|Any CPU = Release|Any CPU
	EndGlobalSection
	GlobalSection(ProjectConfigurationPlatforms) = postSolution
		{7ADCE70C-36B6-4373-980D-40356B912479}.Debug|Any CPU.ActiveCfg = Debug|Any CPU
		{7ADCE70C-36B6-4373-980D-40356B912479}.Debug|Any CPU.Build.0 = Debug|Any CPU
		{7ADCE70C-36B6-4373-980D-40356B912479}.Release|Any CPU.ActiveCfg = Release|Any CPU
		{7ADCE70C-36B6-4373-980D-40356B912479}.Release|Any CPU.Build.0 = Release|Any CPU
		{07073F77-6CFB-4065-BD2D-942A22B4995D}.Debug|Any CPU.ActiveCfg = Debug|Any CPU
		{07073F77-6CFB-4065-BD2D-942A22B4995D}.Debug|Any CPU.Build.0 = Debug|Any CPU
		{07073F77-6CFB-4065-BD2D-942A22B4995D}.Release|Any CPU.ActiveCfg = Release|Any CPU
		{07073F77-6CFB-4065-BD2D-942A22B4995D}.Release|Any CPU.Build.0 = Release|Any CPU
		{274C34F9-756C-16D0-2FE4-E17E24D70660}.Debug|Any CPU.ActiveCfg = Debug|Any CPU
		{274C34F9-756C-16D0-2FE4-E17E24D70660}.Debug|Any CPU.Build.0 = Debug|Any CPU
		{274C34F9-756C-16D0-2FE4-E17E24D70660}.Release|Any CPU.ActiveCfg = Release|Any CPU
		{274C34F9-756C-16D0-2FE4-E17E24D70660}.Release|Any CPU.Build.0 = Release|Any CPU
		{95515DE8-2023-4EB6-A350-59C2578AF6F6}.Debug|Any CPU.ActiveCfg = Debug|Any CPU
		{95515DE8-2023-4EB6-A350-59C2578AF6F6}.Debug|Any CPU.Build.0 = Debug|Any CPU
		{95515DE8-2023-4EB6-A350-59C2578AF6F6}.Release|Any CPU.ActiveCfg = Release|Any CPU
		{95515DE8-2023-4EB6-A350-59C2578AF6F6}.Release|Any CPU.Build.0 = Release|Any CPU
		{28E6449E-EECC-4431-B4FF-F9D37B071336}.Debug|Any CPU.ActiveCfg = Debug|Any CPU
		{28E6449E-EECC-4431-B4FF-F9D37B071336}.Debug|Any CPU.Build.0 = Debug|Any CPU
		{28E6449E-EECC-4431-B4FF-F9D37B071336}.Release|Any CPU.ActiveCfg = Release|Any CPU
		{28E6449E-EECC-4431-B4FF-F9D37B071336}.Release|Any CPU.Build.0 = Release|Any CPU
	EndGlobalSection
EndGlobal
